
Microsoft Visual Studio Solution File, Format Version 12.00
# Visual Studio Version 16
VisualStudioVersion = 16.0.33027.164
MinimumVisualStudioVersion = 10.0.40219.1
Project("{FAE04EC0-301F-11D3-BF4B-00C04F79EFBC}") = "EasyConsoleAppTask", "EasyConsoleAppTask.csproj", "{DCA9719E-CED4-4728-80FC-8507043748FD}"
EndProject
Global
	GlobalSection(SolutionConfigurationPlatforms) = preSolution
		Debug|Any CPU = Debug|Any CPU
		Release|Any CPU = Release|Any CPU
	EndGlobalSection
	GlobalSection(ProjectConfigurationPlatforms) = postSolution
		{DCA9719E-CED4-4728-80FC-8507043748FD}.Debug|Any CPU.ActiveCfg = Debug|Any CPU
		{DCA9719E-CED4-4728-80FC-8507043748FD}.Debug|Any CPU.Build.0 = Debug|Any CPU
		{DCA9719E-CED4-4728-80FC-8507043748FD}.Release|Any CPU.ActiveCfg = Release|Any CPU
		{DCA9719E-CED4-4728-80FC-8507043748FD}.Release|Any CPU.Build.0 = Release|Any CPU
	EndGlobalSection
	GlobalSection(SolutionProperties) = preSolution
		HideSolutionNode = FALSE
	EndGlobalSection
	GlobalSection(ExtensibilityGlobals) = postSolution
		SolutionGuid = {E0997CD9-BE1A-4627-825B-1B2F6D6FD369}
	EndGlobalSection
EndGlobal
